
Microsoft Visual Studio Solution File, Format Version 10.00
# Visual Studio 2008
Project("{FAE04EC0-301F-11D3-BF4B-00C04F79EFBC}") = "Extension", "Extension\Extension.csproj", "{88319FEA-882E-4610-88A8-B03A8B525E2F}"
EndProject
Project("{E24C65DC-7377-472B-9ABA-BC803B73C61A}") = "TestSite", "TestSite\", "{850D0EE1-0855-420E-A926-74FEA68F467A}"
	ProjectSection(WebsiteProperties) = preProject
		TargetFramework = "3.5"
		ProjectReferences = "{88319FEA-882E-4610-88A8-B03A8B525E2F}|Extension.dll;{81FE09F0-B7EF-4AD1-B41B-FF42ACB53880}|CydiaPublic.dll;{55065E20-26AA-460A-A93A-C6D19F62D7A9}|Shared.dll;"
		Debug.AspNetCompiler.VirtualPath = "/TestSite"
		Debug.AspNetCompiler.PhysicalPath = "TestSite\"
		Debug.AspNetCompiler.TargetPath = "PrecompiledWeb\TestSite\"
		Debug.AspNetCompiler.Updateable = "true"
		Debug.AspNetCompiler.ForceOverwrite = "true"
		Debug.AspNetCompiler.FixedNames = "false"
		Debug.AspNetCompiler.Debug = "True"
		Release.AspNetCompiler.VirtualPath = "/TestSite"
		Release.AspNetCompiler.PhysicalPath = "TestSite\"
		Release.AspNetCompiler.TargetPath = "PrecompiledWeb\TestSite\"
		Release.AspNetCompiler.Updateable = "true"
		Release.AspNetCompiler.ForceOverwrite = "true"
		Release.AspNetCompiler.FixedNames = "false"
		Release.AspNetCompiler.Debug = "False"
		VWDPort = "1730"
		DefaultWebSiteLanguage = "Visual C#"
	EndProjectSection
EndProject
Project("{FAE04EC0-301F-11D3-BF4B-00C04F79EFBC}") = "ExtensionTest", "ExtensionTest\ExtensionTest.csproj", "{74613B5F-AC5E-45F1-A8E0-695AB6C3AC83}"
EndProject
Project("{2150E333-8FDC-42A3-9474-1A3956D46DE8}") = "Solution Items", "Solution Items", "{7FB36FA9-8A32-48E9-A726-21A6889F2459}"
	ProjectSection(SolutionItems) = preProject
		LocalTestRun.testrunconfig = LocalTestRun.testrunconfig
		WebSite1.vsmdi = WebSite1.vsmdi
	EndProjectSection
EndProject
Project("{FAE04EC0-301F-11D3-BF4B-00C04F79EFBC}") = "CydiaPublic", "CydiaPublic\CydiaPublic.csproj", "{81FE09F0-B7EF-4AD1-B41B-FF42ACB53880}"
EndProject
Project("{E24C65DC-7377-472B-9ABA-BC803B73C61A}") = "CydiaPublicWeb", "CydiaPublicWeb\", "{B63634DD-9409-457F-8EEA-5070DD11440C}"
	ProjectSection(WebsiteProperties) = preProject
		TargetFramework = "3.5"
		ProjectReferences = "{81FE09F0-B7EF-4AD1-B41B-FF42ACB53880}|CydiaPublic.dll;{55065E20-26AA-460A-A93A-C6D19F62D7A9}|Shared.dll;"
		Debug.AspNetCompiler.VirtualPath = "/CydiaPublicWeb"
		Debug.AspNetCompiler.PhysicalPath = "CydiaPublicWeb\"
		Debug.AspNetCompiler.TargetPath = "PrecompiledWeb\CydiaPublicWeb\"
		Debug.AspNetCompiler.Updateable = "true"
		Debug.AspNetCompiler.ForceOverwrite = "true"
		Debug.AspNetCompiler.FixedNames = "false"
		Debug.AspNetCompiler.Debug = "True"
		Release.AspNetCompiler.VirtualPath = "/CydiaPublicWeb"
		Release.AspNetCompiler.PhysicalPath = "CydiaPublicWeb\"
		Release.AspNetCompiler.TargetPath = "PrecompiledWeb\CydiaPublicWeb\"
		Release.AspNetCompiler.Updateable = "true"
		Release.AspNetCompiler.ForceOverwrite = "true"
		Release.AspNetCompiler.FixedNames = "false"
		Release.AspNetCompiler.Debug = "False"
		VWDPort = "1732"
		DefaultWebSiteLanguage = "Visual C#"
	EndProjectSection
EndProject
Project("{FAE04EC0-301F-11D3-BF4B-00C04F79EFBC}") = "iPhonePackersCommon", "Shared\iPhonePackersCommon.csproj", "{55065E20-26AA-460A-A93A-C6D19F62D7A9}"
EndProject
Project("{FAE04EC0-301F-11D3-BF4B-00C04F79EFBC}") = "ConsoleApp", "Console\ConsoleApp.csproj", "{AF0AA1B1-9DFE-437D-9E1F-29233C9AE860}"
EndProject
Global
	GlobalSection(TestCaseManagementSettings) = postSolution
		CategoryFile = WebSite1.vsmdi
	EndGlobalSection
	GlobalSection(SolutionConfigurationPlatforms) = preSolution
		Debug|.NET = Debug|.NET
		Debug|Any CPU = Debug|Any CPU
		Debug|Mixed Platforms = Debug|Mixed Platforms
		Release|.NET = Release|.NET
		Release|Any CPU = Release|Any CPU
		Release|Mixed Platforms = Release|Mixed Platforms
	EndGlobalSection
	GlobalSection(ProjectConfigurationPlatforms) = postSolution
		{88319FEA-882E-4610-88A8-B03A8B525E2F}.Debug|.NET.ActiveCfg = Debug|Any CPU
		{88319FEA-882E-4610-88A8-B03A8B525E2F}.Debug|Any CPU.ActiveCfg = Debug|Any CPU
		{88319FEA-882E-4610-88A8-B03A8B525E2F}.Debug|Any CPU.Build.0 = Debug|Any CPU
		{88319FEA-882E-4610-88A8-B03A8B525E2F}.Debug|Mixed Platforms.ActiveCfg = Debug|Any CPU
		{88319FEA-882E-4610-88A8-B03A8B525E2F}.Debug|Mixed Platforms.Build.0 = Debug|Any CPU
		{88319FEA-882E-4610-88A8-B03A8B525E2F}.Release|.NET.ActiveCfg = Release|Any CPU
		{88319FEA-882E-4610-88A8-B03A8B525E2F}.Release|Any CPU.ActiveCfg = Release|Any CPU
		{88319FEA-882E-4610-88A8-B03A8B525E2F}.Release|Any CPU.Build.0 = Release|Any CPU
		{88319FEA-882E-4610-88A8-B03A8B525E2F}.Release|Mixed Platforms.ActiveCfg = Release|Any CPU
		{88319FEA-882E-4610-88A8-B03A8B525E2F}.Release|Mixed Platforms.Build.0 = Release|Any CPU
		{850D0EE1-0855-420E-A926-74FEA68F467A}.Debug|.NET.ActiveCfg = Debug|.NET
		{850D0EE1-0855-420E-A926-74FEA68F467A}.Debug|.NET.Build.0 = Debug|.NET
		{850D0EE1-0855-420E-A926-74FEA68F467A}.Debug|Any CPU.ActiveCfg = Debug|.NET
		{850D0EE1-0855-420E-A926-74FEA68F467A}.Debug|Mixed Platforms.ActiveCfg = Debug|.NET
		{850D0EE1-0855-420E-A926-74FEA68F467A}.Debug|Mixed Platforms.Build.0 = Debug|.NET
		{850D0EE1-0855-420E-A926-74FEA68F467A}.Release|.NET.ActiveCfg = Debug|.NET
		{850D0EE1-0855-420E-A926-74FEA68F467A}.Release|.NET.Build.0 = Debug|.NET
		{850D0EE1-0855-420E-A926-74FEA68F467A}.Release|Any CPU.ActiveCfg = Debug|.NET
		{850D0EE1-0855-420E-A926-74FEA68F467A}.Release|Mixed Platforms.ActiveCfg = Debug|.NET
		{850D0EE1-0855-420E-A926-74FEA68F467A}.Release|Mixed Platforms.Build.0 = Debug|.NET
		{74613B5F-AC5E-45F1-A8E0-695AB6C3AC83}.Debug|.NET.ActiveCfg = Debug|Any CPU
		{74613B5F-AC5E-45F1-A8E0-695AB6C3AC83}.Debug|Any CPU.ActiveCfg = Debug|Any CPU
		{74613B5F-AC5E-45F1-A8E0-695AB6C3AC83}.Debug|Any CPU.Build.0 = Debug|Any CPU
		{74613B5F-AC5E-45F1-A8E0-695AB6C3AC83}.Debug|Mixed Platforms.ActiveCfg = Debug|Any CPU
		{74613B5F-AC5E-45F1-A8E0-695AB6C3AC83}.Debug|Mixed Platforms.Build.0 = Debug|Any CPU
		{74613B5F-AC5E-45F1-A8E0-695AB6C3AC83}.Release|.NET.ActiveCfg = Release|Any CPU
		{74613B5F-AC5E-45F1-A8E0-695AB6C3AC83}.Release|Any CPU.ActiveCfg = Release|Any CPU
		{74613B5F-AC5E-45F1-A8E0-695AB6C3AC83}.Release|Any CPU.Build.0 = Release|Any CPU
		{74613B5F-AC5E-45F1-A8E0-695AB6C3AC83}.Release|Mixed Platforms.ActiveCfg = Release|Any CPU
		{74613B5F-AC5E-45F1-A8E0-695AB6C3AC83}.Release|Mixed Platforms.Build.0 = Release|Any CPU
		{81FE09F0-B7EF-4AD1-B41B-FF42ACB53880}.Debug|.NET.ActiveCfg = Debug|Any CPU
		{81FE09F0-B7EF-4AD1-B41B-FF42ACB53880}.Debug|Any CPU.ActiveCfg = Debug|Any CPU
		{81FE09F0-B7EF-4AD1-B41B-FF42ACB53880}.Debug|Any CPU.Build.0 = Debug|Any CPU
		{81FE09F0-B7EF-4AD1-B41B-FF42ACB53880}.Debug|Mixed Platforms.ActiveCfg = Debug|Any CPU
		{81FE09F0-B7EF-4AD1-B41B-FF42ACB53880}.Debug|Mixed Platforms.Build.0 = Debug|Any CPU
		{81FE09F0-B7EF-4AD1-B41B-FF42ACB53880}.Release|.NET.ActiveCfg = Release|Any CPU
		{81FE09F0-B7EF-4AD1-B41B-FF42ACB53880}.Release|Any CPU.ActiveCfg = Release|Any CPU
		{81FE09F0-B7EF-4AD1-B41B-FF42ACB53880}.Release|Any CPU.Build.0 = Release|Any CPU
		{81FE09F0-B7EF-4AD1-B41B-FF42ACB53880}.Release|Mixed Platforms.ActiveCfg = Release|Any CPU
		{81FE09F0-B7EF-4AD1-B41B-FF42ACB53880}.Release|Mixed Platforms.Build.0 = Release|Any CPU
		{B63634DD-9409-457F-8EEA-5070DD11440C}.Debug|.NET.ActiveCfg = Debug|.NET
		{B63634DD-9409-457F-8EEA-5070DD11440C}.Debug|.NET.Build.0 = Debug|.NET
		{B63634DD-9409-457F-8EEA-5070DD11440C}.Debug|Any CPU.ActiveCfg = Debug|.NET
		{B63634DD-9409-457F-8EEA-5070DD11440C}.Debug|Mixed Platforms.ActiveCfg = Debug|.NET
		{B63634DD-9409-457F-8EEA-5070DD11440C}.Debug|Mixed Platforms.Build.0 = Debug|.NET
		{B63634DD-9409-457F-8EEA-5070DD11440C}.Release|.NET.ActiveCfg = Debug|.NET
		{B63634DD-9409-457F-8EEA-5070DD11440C}.Release|.NET.Build.0 = Debug|.NET
		{B63634DD-9409-457F-8EEA-5070DD11440C}.Release|Any CPU.ActiveCfg = Debug|.NET
		{B63634DD-9409-457F-8EEA-5070DD11440C}.Release|Mixed Platforms.ActiveCfg = Debug|.NET
		{B63634DD-9409-457F-8EEA-5070DD11440C}.Release|Mixed Platforms.Build.0 = Debug|.NET
		{55065E20-26AA-460A-A93A-C6D19F62D7A9}.Debug|.NET.ActiveCfg = Debug|Any CPU
		{55065E20-26AA-460A-A93A-C6D19F62D7A9}.Debug|Any CPU.ActiveCfg = Debug|Any CPU
		{55065E20-26AA-460A-A93A-C6D19F62D7A9}.Debug|Any CPU.Build.0 = Debug|Any CPU
		{55065E20-26AA-460A-A93A-C6D19F62D7A9}.Debug|Mixed Platforms.ActiveCfg = Debug|Any CPU
		{55065E20-26AA-460A-A93A-C6D19F62D7A9}.Debug|Mixed Platforms.Build.0 = Debug|Any CPU
		{55065E20-26AA-460A-A93A-C6D19F62D7A9}.Release|.NET.ActiveCfg = Release|Any CPU
		{55065E20-26AA-460A-A93A-C6D19F62D7A9}.Release|Any CPU.ActiveCfg = Release|Any CPU
		{55065E20-26AA-460A-A93A-C6D19F62D7A9}.Release|Any CPU.Build.0 = Release|Any CPU
		{55065E20-26AA-460A-A93A-C6D19F62D7A9}.Release|Mixed Platforms.ActiveCfg = Release|Any CPU
		{55065E20-26AA-460A-A93A-C6D19F62D7A9}.Release|Mixed Platforms.Build.0 = Release|Any CPU
		{AF0AA1B1-9DFE-437D-9E1F-29233C9AE860}.Debug|.NET.ActiveCfg = Debug|Any CPU
		{AF0AA1B1-9DFE-437D-9E1F-29233C9AE860}.Debug|Any CPU.ActiveCfg = Debug|Any CPU
		{AF0AA1B1-9DFE-437D-9E1F-29233C9AE860}.Debug|Any CPU.Build.0 = Debug|Any CPU
		{AF0AA1B1-9DFE-437D-9E1F-29233C9AE860}.Debug|Mixed Platforms.ActiveCfg = Debug|Any CPU
		{AF0AA1B1-9DFE-437D-9E1F-29233C9AE860}.Debug|Mixed Platforms.Build.0 = Debug|Any CPU
		{AF0AA1B1-9DFE-437D-9E1F-29233C9AE860}.Release|.NET.ActiveCfg = Release|Any CPU
		{AF0AA1B1-9DFE-437D-9E1F-29233C9AE860}.Release|Any CPU.ActiveCfg = Release|Any CPU
		{AF0AA1B1-9DFE-437D-9E1F-29233C9AE860}.Release|Any CPU.Build.0 = Release|Any CPU
		{AF0AA1B1-9DFE-437D-9E1F-29233C9AE860}.Release|Mixed Platforms.ActiveCfg = Release|Any CPU
		{AF0AA1B1-9DFE-437D-9E1F-29233C9AE860}.Release|Mixed Platforms.Build.0 = Release|Any CPU
	EndGlobalSection
	GlobalSection(SolutionProperties) = preSolution
		HideSolutionNode = FALSE
	EndGlobalSection
EndGlobal
